
Microsoft Visual Studio Solution File, Format Version 12.00
# Visual Studio Version 17
VisualStudioVersion = 17.2.32630.192
MinimumVisualStudioVersion = 10.0.40219.1
Project("{FAE04EC0-301F-11D3-BF4B-00C04F79EFBC}") = "Ex04.Menus. Interfaces", "Ex04.Menus. Interfaces\Ex04.Menus. Interfaces.csproj", "{1430379C-DD4B-4D1A-874A-5A3262FB8730}"
EndProject
Project("{FAE04EC0-301F-11D3-BF4B-00C04F79EFBC}") = "Ex04.Menus.Delegates", "Ex04.Menus.Delegates\Ex04.Menus.Delegates.csproj", "{6E901F3C-111F-4D7D-8256-97C3EE51D806}"
EndProject
Project("{FAE04EC0-301F-11D3-BF4B-00C04F79EFBC}") = "Ex04.Menus.Test", "Ex04.Menus.Test\Ex04.Menus.Test.csproj", "{101660FB-6756-4F76-B2EB-69534376AEB5}"
EndProject
Project("{2150E333-8FDC-42A3-9474-1A3956D46DE8}") = "Solution Items", "Solution Items", "{A900F67C-584E-4B66-AFEF-734AC0FE5FCA}"
	ProjectSection(SolutionItems) = preProject
		.editorconfig = .editorconfig
	EndProjectSection
EndProject
Global
	GlobalSection(SolutionConfigurationPlatforms) = preSolution
		Debug|Any CPU = Debug|Any CPU
		Release|Any CPU = Release|Any CPU
	EndGlobalSection
	GlobalSection(ProjectConfigurationPlatforms) = postSolution
		{1430379C-DD4B-4D1A-874A-5A3262FB8730}.Debug|Any CPU.ActiveCfg = Debug|Any CPU
		{1430379C-DD4B-4D1A-874A-5A3262FB8730}.Debug|Any CPU.Build.0 = Debug|Any CPU
		{1430379C-DD4B-4D1A-874A-5A3262FB8730}.Release|Any CPU.ActiveCfg = Release|Any CPU
		{1430379C-DD4B-4D1A-874A-5A3262FB8730}.Release|Any CPU.Build.0 = Release|Any CPU
		{6E901F3C-111F-4D7D-8256-97C3EE51D806}.Debug|Any CPU.ActiveCfg = Debug|Any CPU
		{6E901F3C-111F-4D7D-8256-97C3EE51D806}.Debug|Any CPU.Build.0 = Debug|Any CPU
		{6E901F3C-111F-4D7D-8256-97C3EE51D806}.Release|Any CPU.ActiveCfg = Release|Any CPU
		{6E901F3C-111F-4D7D-8256-97C3EE51D806}.Release|Any CPU.Build.0 = Release|Any CPU
		{101660FB-6756-4F76-B2EB-69534376AEB5}.Debug|Any CPU.ActiveCfg = Debug|Any CPU
		{101660FB-6756-4F76-B2EB-69534376AEB5}.Debug|Any CPU.Build.0 = Debug|Any CPU
		{101660FB-6756-4F76-B2EB-69534376AEB5}.Release|Any CPU.ActiveCfg = Release|Any CPU
		{101660FB-6756-4F76-B2EB-69534376AEB5}.Release|Any CPU.Build.0 = Release|Any CPU
	EndGlobalSection
	GlobalSection(SolutionProperties) = preSolution
		HideSolutionNode = FALSE
	EndGlobalSection
	GlobalSection(ExtensibilityGlobals) = postSolution
		SolutionGuid = {977AB406-4BE7-4F1A-B05D-8F0600995F2B}
	EndGlobalSection
EndGlobal
